
Microsoft Visual Studio Solution File, Format Version 12.00
# Visual Studio Version 16
VisualStudioVersion = 16.0.30413.136
MinimumVisualStudioVersion = 10.0.40219.1
Project("{FAE04EC0-301F-11D3-BF4B-00C04F79EFBC}") = "Presentacion", "Presentacion\Presentacion.csproj", "{635CC622-4C31-406F-93D6-06DA4D1D9724}"
EndProject
Project("{FAE04EC0-301F-11D3-BF4B-00C04F79EFBC}") = "Logica", "Logica\Logica.csproj", "{764CED94-4AD9-42DD-BB9E-A232A6D2D2B1}"
EndProject
Project("{FAE04EC0-301F-11D3-BF4B-00C04F79EFBC}") = "Entidad", "Entidad\Entidad.csproj", "{7F55F06A-123D-47E0-839A-D4B71ADCDB9B}"
EndProject
Project("{FAE04EC0-301F-11D3-BF4B-00C04F79EFBC}") = "Datos", "Datos\Datos.csproj", "{4412B302-FBF5-4514-AA8D-C2CE0339FE4E}"
EndProject
Global
	GlobalSection(SolutionConfigurationPlatforms) = preSolution
		Debug|Any CPU = Debug|Any CPU
		Release|Any CPU = Release|Any CPU
	EndGlobalSection
	GlobalSection(ProjectConfigurationPlatforms) = postSolution
		{635CC622-4C31-406F-93D6-06DA4D1D9724}.Debug|Any CPU.ActiveCfg = Debug|Any CPU
		{635CC622-4C31-406F-93D6-06DA4D1D9724}.Debug|Any CPU.Build.0 = Debug|Any CPU
		{635CC622-4C31-406F-93D6-06DA4D1D9724}.Release|Any CPU.ActiveCfg = Release|Any CPU
		{635CC622-4C31-406F-93D6-06DA4D1D9724}.Release|Any CPU.Build.0 = Release|Any CPU
		{764CED94-4AD9-42DD-BB9E-A232A6D2D2B1}.Debug|Any CPU.ActiveCfg = Debug|Any CPU
		{764CED94-4AD9-42DD-BB9E-A232A6D2D2B1}.Debug|Any CPU.Build.0 = Debug|Any CPU
		{764CED94-4AD9-42DD-BB9E-A232A6D2D2B1}.Release|Any CPU.ActiveCfg = Release|Any CPU
		{764CED94-4AD9-42DD-BB9E-A232A6D2D2B1}.Release|Any CPU.Build.0 = Release|Any CPU
		{7F55F06A-123D-47E0-839A-D4B71ADCDB9B}.Debug|Any CPU.ActiveCfg = Debug|Any CPU
		{7F55F06A-123D-47E0-839A-D4B71ADCDB9B}.Debug|Any CPU.Build.0 = Debug|Any CPU
		{7F55F06A-123D-47E0-839A-D4B71ADCDB9B}.Release|Any CPU.ActiveCfg = Release|Any CPU
		{7F55F06A-123D-47E0-839A-D4B71ADCDB9B}.Release|Any CPU.Build.0 = Release|Any CPU
		{4412B302-FBF5-4514-AA8D-C2CE0339FE4E}.Debug|Any CPU.ActiveCfg = Debug|Any CPU
		{4412B302-FBF5-4514-AA8D-C2CE0339FE4E}.Debug|Any CPU.Build.0 = Debug|Any CPU
		{4412B302-FBF5-4514-AA8D-C2CE0339FE4E}.Release|Any CPU.ActiveCfg = Release|Any CPU
		{4412B302-FBF5-4514-AA8D-C2CE0339FE4E}.Release|Any CPU.Build.0 = Release|Any CPU
	EndGlobalSection
	GlobalSection(SolutionProperties) = preSolution
		HideSolutionNode = FALSE
	EndGlobalSection
	GlobalSection(ExtensibilityGlobals) = postSolution
		SolutionGuid = {3D86AC06-E02F-49A2-915B-6D782CAB59CD}
	EndGlobalSection
EndGlobal
